// !$*UTF8*$!
{
	archiveVersion = 1;
	classes = {
	};
	objectVersion = 50;
	objects = {

/* Begin PBXBuildFile section */
		EAD4DF2B22ADD66E00116236 /* AppDelegate.swift in Sources */ = {isa = PBXBuildFile; fileRef = EAD4DF2A22ADD66E00116236 /* AppDelegate.swift */; };
		EAD4DF2D22ADD66E00116236 /* ViewController.swift in Sources */ = {isa = PBXBuildFile; fileRef = EAD4DF2C22ADD66E00116236 /* ViewController.swift */; };
		EAD4DF3022ADD66E00116236 /* Main.storyboard in Resources */ = {isa = PBXBuildFile; fileRef = EAD4DF2E22ADD66E00116236 /* Main.storyboard */; };
		EAD4DF3222ADD66F00116236 /* Assets.xcassets in Resources */ = {isa = PBXBuildFile; fileRef = EAD4DF3122ADD66F00116236 /* Assets.xcassets */; };
		EAD4DF3522ADD66F00116236 /* LaunchScreen.storyboard in Resources */ = {isa = PBXBuildFile; fileRef = EAD4DF3322ADD66F00116236 /* LaunchScreen.storyboard */; };
/* End PBXBuildFile section */

/* Begin PBXFileReference section */
		EAD4DF2722ADD66E00116236 /* nps_test.app */ = {isa = PBXFileReference; explicitFileType = wrapper.application; includeInIndex = 0; path = nps_test.app; sourceTree = BUILT_PRODUCTS_DIR; };
		EAD4DF2A22ADD66E00116236 /* AppDelegate.swift */ = {isa = PBXFileReference; lastKnownFileType = sourcecode.swift; path = AppDelegate.swift; sourceTree = "<group>"; };
		EAD4DF2C22ADD66E00116236 /* ViewController.swift */ = {isa = PBXFileReference; lastKnownFileType = sourcecode.swift; path = ViewController.swift; sourceTree = "<group>"; };
		EAD4DF2F22ADD66E00116236 /* Base */ = {isa = PBXFileReference; lastKnownFileType = file.storyboard; name = Base; path = Base.lproj/Main.storyboard; sourceTree = "<group>"; };
		EAD4DF3122ADD66F00116236 /* Assets.xcassets */ = {isa = PBXFileReference; lastKnownFileType = folder.assetcatalog; path = Assets.xcassets; sourceTree = "<group>"; };
		EAD4DF3422ADD66F00116236 /* Base */ = {isa = PBXFileReference; lastKnownFileType = file.storyboard; name = Base; path = Base.lproj/LaunchScreen.storyboard; sourceTree = "<group>"; };
		EAD4DF3622ADD66F00116236 /* Info.plist */ = {isa = PBXFileReference; lastKnownFileType = text.plist.xml; path = Info.plist; sourceTree = "<group>"; };
/* End PBXFileReference section */

/* Begin PBXFrameworksBuildPhase section */
		EAD4DF2422ADD66E00116236 /* Frameworks */ = {
			isa = PBXFrameworksBuildPhase;
			buildActionMask = 2147483647;
			files = (
			);
			runOnlyForDeploymentPostprocessing = 0;
		};
/* End PBXFrameworksBuildPhase section */

/* Begin PBXGroup section */
		EAD4DF1E22ADD66E00116236 = {
			isa = PBXGroup;
			children = (
				EAD4DF2922ADD66E00116236 /* nps_test */,
				EAD4DF2822ADD66E00116236 /* Products */,
			);
			sourceTree = "<group>";
		};
		EAD4DF2822ADD66E00116236 /* Products */ = {
			isa = PBXGroup;
			children = (
				EAD4DF2722ADD66E00116236 /* nps_test.app */,
			);
			name = Products;
			sourceTree = "<group>";
		};
		EAD4DF2922ADD66E00116236 /* nps_test */ = {
			isa = PBXGroup;
			children = (
				EAD4DF2A22ADD66E00116236 /* AppDelegate.swift */,
				EAD4DF2C22ADD66E00116236 /* ViewController.swift */,
				EAD4DF2E22ADD66E00116236 /* Main.storyboard */,
				EAD4DF3122ADD66F00116236 /* Assets.xcassets */,
				EAD4DF3322ADD66F00116236 /* LaunchScreen.storyboard */,
				EAD4DF3622ADD66F00116236 /* Info.plist */,
			);
			path = nps_test;
			sourceTree = "<group>";
		};
/* End PBXGroup section */

/* Begin PBXNativeTarget section */
		EAD4DF2622ADD66E00116236 /* nps_test */ = {
			isa = PBXNativeTarget;
			buildConfigurationList = EAD4DF3922ADD66F00116236 /* Build configuration list for PBXNativeTarget "nps_test" */;
			buildPhases = (
				EAD4DF2322ADD66E00116236 /* Sources */,
				EAD4DF2422ADD66E00116236 /* Frameworks */,
				EAD4DF2522ADD66E00116236 /* Resources */,
			);
			buildRules = (
			);
			dependencies = (
			);
			name = nps_test;
			productName = nps_test;
			productReference = EAD4DF2722ADD66E00116236 /* nps_test.app */;
			productType = "com.apple.product-type.application";
		};
/* End PBXNativeTarget section */

/* Begin PBXProject section */
		EAD4DF1F22ADD66E00116236 /* Project object */ = {
			isa = PBXProject;
			attributes = {
				LastSwiftUpdateCheck = 1020;
				LastUpgradeCheck = 1020;
				ORGANIZATIONNAME = "Cecilia Soto";
				TargetAttributes = {
					EAD4DF2622ADD66E00116236 = {
						CreatedOnToolsVersion = 10.2.1;
					};
				};
			};
			buildConfigurationList = EAD4DF2222ADD66E00116236 /* Build configuration list for PBXProject "nps_test" */;
			compatibilityVersion = "Xcode 9.3";
			developmentRegion = en;
			hasScannedForEncodings = 0;
			knownRegions = (
				en,
				Base,
			);
			mainGroup = EAD4DF1E22ADD66E00116236;
			productRefGroup = EAD4DF2822ADD66E00116236 /* Products */;
			projectDirPath = "";
			projectRoot = "";
			targets = (
				EAD4DF2622ADD66E00116236 /* nps_test */,
			);
		};
/* End PBXProject section */

/* Begin PBXResourcesBuildPhase section */
		EAD4DF2522ADD66E00116236 /* Resources */ = {
			isa = PBXResourcesBuildPhase;
			buildActionMask = 2147483647;
			files = (
				EAD4DF3522ADD66F00116236 /* LaunchScreen.storyboard in Resources */,
				EAD4DF3222ADD66F00116236 /* Assets.xcassets in Resources */,
				EAD4DF3022ADD66E00116236 /* Main.storyboard in Resources */,
			);
			runOnlyForDeploymentPostprocessing = 0;
		};
/* End PBXResourcesBuildPhase section */

/* Begin PBXSourcesBuildPhase section */
		EAD4DF2322ADD66E00116236 /* Sources */ = {
			isa = PBXSourcesBuildPhase;
			buildActionMask = 2147483647;
			files = (
				EAD4DF2D22ADD66E00116236 /* ViewController.swift in Sources */,
				EAD4DF2B22ADD66E00116236 /* AppDelegate.swift in Sources */,
			);
			runOnlyForDeploymentPostprocessing = 0;
		};
/* End PBXSourcesBuildPhase section */

/* Begin PBXVariantGroup section */
		EAD4DF2E22ADD66E00116236 /* Main.storyboard */ = {
			isa = PBXVariantGroup;
			children = (
				EAD4DF2F22ADD66E00116236 /* Base */,
			);
			name = Main.storyboard;
			sourceTree = "<group>";
		};
		EAD4DF3322ADD66F00116236 /* LaunchScreen.storyboard */ = {
			isa = PBXVariantGroup;
			children = (
				EAD4DF3422ADD66F00116236 /* Base */,
			);
			name = LaunchScreen.storyboard;
			sourceTree = "<group>";
		};
/* End PBXVariantGroup section */

/* Begin XCBuildConfiguration section */
		EAD4DF3722ADD66F00116236 /* Debug */ = {
			isa = XCBuildConfiguration;
			buildSettings = {
				ALWAYS_SEARCH_USER_PATHS = NO;
				CLANG_ANALYZER_NONNULL = YES;
				CLANG_ANALYZER_NUMBER_OBJECT_CONVERSION = YES_AGGRESSIVE;
				CLANG_CXX_LANGUAGE_STANDARD = "gnu++14";
				CLANG_CXX_LIBRARY = "libc++";
				CLANG_ENABLE_MODULES = YES;
				CLANG_ENABLE_OBJC_ARC = YES;
				CLANG_ENABLE_OBJC_WEAK = YES;
				CLANG_WARN_BLOCK_CAPTURE_AUTORELEASING = YES;
				CLANG_WARN_BOOL_CONVERSION = YES;
				CLANG_WARN_COMMA = YES;
				CLANG_WARN_CONSTANT_CONVERSION = YES;
				CLANG_WARN_DEPRECATED_OBJC_IMPLEMENTATIONS = YES;
				CLANG_WARN_DIRECT_OBJC_ISA_USAGE = YES_ERROR;
				CLANG_WARN_DOCUMENTATION_COMMENTS = YES;
				CLANG_WARN_EMPTY_BODY = YES;
				CLANG_WARN_ENUM_CONVERSION = YES;
				CLANG_WARN_INFINITE_RECURSION = YES;
				CLANG_WARN_INT_CONVERSION = YES;
				CLANG_WARN_NON_LITERAL_NULL_CONVERSION = YES;
				CLANG_WARN_OBJC_IMPLICIT_RETAIN_SELF = YES;
				CLANG_WARN_OBJC_LITERAL_CONVERSION = YES;
				CLANG_WARN_OBJC_ROOT_CLASS = YES_ERROR;
				CLANG_WARN_RANGE_LOOP_ANALYSIS = YES;
				CLANG_WARN_STRICT_PROTOTYPES = YES;
				CLANG_WARN_SUSPICIOUS_MOVE = YES;
				CLANG_WARN_UNGUARDED_AVAILABILITY = YES_AGGRESSIVE;
				CLANG_WARN_UNREACHABLE_CODE = YES;
				CLANG_WARN__DUPLICATE_METHOD_MATCH = YES;
				CODE_SIGN_IDENTITY = "iPhone Developer";
				COPY_PHASE_STRIP = NO;
				DEBUG_INFORMATION_FORMAT = dwarf;
				ENABLE_STRICT_OBJC_MSGSEND = YES;
				ENABLE_TESTABILITY = YES;
				GCC_C_LANGUAGE_STANDARD = gnu11;
				GCC_DYNAMIC_NO_PIC = NO;
				GCC_NO_COMMON_BLOCKS = YES;
				GCC_OPTIMIZATION_LEVEL = 0;
				GCC_PREPROCESSOR_DEFINITIONS = (
					"DEBUG=1",
					"$(inherited)",
				);
				GCC_WARN_64_TO_32_BIT_CONVERSION = YES;
				GCC_WARN_ABOUT_RETURN_TYPE = YES_ERROR;
				GCC_WARN_UNDECLARED_SELECTOR = YES;
				GCC_WARN_UNINITIALIZED_AUTOS = YES_AGGRESSIVE;
				GCC_WARN_UNUSED_FUNCTION = YES;
				GCC_WARN_UNUSED_VARIABLE = YES;
				IPHONEOS_DEPLOYMENT_TARGET = 12.2;
				MTL_ENABLE_DEBUG_INFO = INCLUDE_SOURCE;
				MTL_FAST_MATH = YES;
				ONLY_ACTIVE_ARCH = YES;
				SDKROOT = iphoneos;
				SWIFT_ACTIVE_COMPILATION_CONDITIONS = DEBUG;
				SWIFT_OPTIMIZATION_LEVEL = "-Onone";
			};
			name = Debug;
		};
		EAD4DF3822ADD66F00116236 /* Release */ = {
			isa = XCBuildConfiguration;
			buildSettings = {
				ALWAYS_SEARCH_USER_PATHS = NO;
				CLANG_ANALYZER_NONNULL = YES;
				CLANG_ANALYZER_NUMBER_OBJECT_CONVERSION = YES_AGGRESSIVE;
				CLANG_CXX_LANGUAGE_STANDARD = "gnu++14";
				CLANG_CXX_LIBRARY = "libc++";
				CLANG_ENABLE_MODULES = YES;
				CLANG_ENABLE_OBJC_ARC = YES;
				CLANG_ENABLE_OBJC_WEAK = YES;
				CLANG_WARN_BLOCK_CAPTURE_AUTORELEASING = YES;
				CLANG_WARN_BOOL_CONVERSION = YES;
				CLANG_WARN_COMMA = YES;
				CLANG_WARN_CONSTANT_CONVERSION = YES;
				CLANG_WARN_DEPRECATED_OBJC_IMPLEMENTATIONS = YES;
				CLANG_WARN_DIRECT_OBJC_ISA_USAGE = YES_ERROR;
				CLANG_WARN_DOCUMENTATION_COMMENTS = YES;
				CLANG_WARN_EMPTY_BODY = YES;
				CLANG_WARN_ENUM_CONVERSION = YES;
				CLANG_WARN_INFINITE_RECURSION = YES;
				CLANG_WARN_INT_CONVERSION = YES;
				CLANG_WARN_NON_LITERAL_NULL_CONVERSION = YES;
				CLANG_WARN_OBJC_IMPLICIT_RETAIN_SELF = YES;
				CLANG_WARN_OBJC_LITERAL_CONVERSION = YES;
				CLANG_WARN_OBJC_ROOT_CLASS = YES_ERROR;
				CLANG_WARN_RANGE_LOOP_ANALYSIS = YES;
				CLANG_WARN_STRICT_PROTOTYPES = YES;
				CLANG_WARN_SUSPICIOUS_MOVE = YES;
				CLANG_WARN_UNGUARDED_AVAILABILITY = YES_AGGRESSIVE;
				CLANG_WARN_UNREACHABLE_CODE = YES;
				CLANG_WARN__DUPLICATE_METHOD_MATCH = YES;
				CODE_SIGN_IDENTITY = "iPhone Developer";
				COPY_PHASE_STRIP = NO;
				DEBUG_INFORMATION_FORMAT = "dwarf-with-dsym";
				ENABLE_NS_ASSERTIONS = NO;
				ENABLE_STRICT_OBJC_MSGSEND = YES;
				GCC_C_LANGUAGE_STANDARD = gnu11;
				GCC_NO_COMMON_BLOCKS = YES;
				GCC_WARN_64_TO_32_BIT_CONVERSION = YES;
				GCC_WARN_ABOUT_RETURN_TYPE = YES_ERROR;
				GCC_WARN_UNDECLARED_SELECTOR = YES;
				GCC_WARN_UNINITIALIZED_AUTOS = YES_AGGRESSIVE;
				GCC_WARN_UNUSED_FUNCTION = YES;
				GCC_WARN_UNUSED_VARIABLE = YES;
				IPHONEOS_DEPLOYMENT_TARGET = 12.2;
				MTL_ENABLE_DEBUG_INFO = NO;
				MTL_FAST_MATH = YES;
				SDKROOT = iphoneos;
				SWIFT_COMPILATION_MODE = wholemodule;
				SWIFT_OPTIMIZATION_LEVEL = "-O";
				VALIDATE_PRODUCT = YES;
			};
			name = Release;
		};
		EAD4DF3A22ADD66F00116236 /* Debug */ = {
			isa = XCBuildConfiguration;
			buildSettings = {
				ASSETCATALOG_COMPILER_APPICON_NAME = AppIcon;
				CODE_SIGN_STYLE = Automatic;
				DEVELOPMENT_TEAM = ZRKDLBW86F;
				INFOPLIST_FILE = nps_test/Info.plist;
				LD_RUNPATH_SEARCH_PATHS = (
					"$(inherited)",
					"@executable_path/Frameworks",
				);
				PRODUCT_BUNDLE_IDENTIFIER = "com.kinedu.nps-test";
				PRODUCT_NAME = "$(TARGET_NAME)";
				SWIFT_VERSION = 5.0;
				TARGETED_DEVICE_FAMILY = "1,2";
			};
			name = Debug;
		};
		EAD4DF3B22ADD66F00116236 /* Release */ = {
			isa = XCBuildConfiguration;
			buildSettings = {
				ASSETCATALOG_COMPILER_APPICON_NAME = AppIcon;
				CODE_SIGN_STYLE = Automatic;
				DEVELOPMENT_TEAM = ZRKDLBW86F;
				INFOPLIST_FILE = nps_test/Info.plist;
				LD_RUNPATH_SEARCH_PATHS = (
					"$(inherited)",
					"@executable_path/Frameworks",
				);
				PRODUCT_BUNDLE_IDENTIFIER = "com.kinedu.nps-test";
				PRODUCT_NAME = "$(TARGET_NAME)";
				SWIFT_VERSION = 5.0;
				TARGETED_DEVICE_FAMILY = "1,2";
			};
			name = Release;
		};
/* End XCBuildConfiguration section */

/* Begin XCConfigurationList section */
		EAD4DF2222ADD66E00116236 /* Build configuration list for PBXProject "nps_test" */ = {
			isa = XCConfigurationList;
			buildConfigurations = (
				EAD4DF3722ADD66F00116236 /* Debug */,
				EAD4DF3822ADD66F00116236 /* Release */,
			);
			defaultConfigurationIsVisible = 0;
			defaultConfigurationName = Release;
		};
		EAD4DF3922ADD66F00116236 /* Build configuration list for PBXNativeTarget "nps_test" */ = {
			isa = XCConfigurationList;
			buildConfigurations = (
				EAD4DF3A22ADD66F00116236 /* Debug */,
				EAD4DF3B22ADD66F00116236 /* Release */,
			);
			defaultConfigurationIsVisible = 0;
			defaultConfigurationName = Release;
		};
/* End XCConfigurationList section */
	};
	rootObject = EAD4DF1F22ADD66E00116236 /* Project object */;
}
